
Microsoft Visual Studio Solution File, Format Version 12.00
# Visual Studio Version 17
VisualStudioVersion = 17.0.32014.148
MinimumVisualStudioVersion = 10.0.40219.1
Project("{FAE04EC0-301F-11D3-BF4B-00C04F79EFBC}") = "ShekelAssignment", "ShekelAssignment\ShekelAssignment.csproj", "{45CA1F7E-2970-4D08-B79E-DFF0332F277A}"
EndProject
Global
	GlobalSection(SolutionConfigurationPlatforms) = preSolution
		Debug|Any CPU = Debug|Any CPU
		Release|Any CPU = Release|Any CPU
	EndGlobalSection
	GlobalSection(ProjectConfigurationPlatforms) = postSolution
		{45CA1F7E-2970-4D08-B79E-DFF0332F277A}.Debug|Any CPU.ActiveCfg = Debug|Any CPU
		{45CA1F7E-2970-4D08-B79E-DFF0332F277A}.Debug|Any CPU.Build.0 = Debug|Any CPU
		{45CA1F7E-2970-4D08-B79E-DFF0332F277A}.Release|Any CPU.ActiveCfg = Release|Any CPU
		{45CA1F7E-2970-4D08-B79E-DFF0332F277A}.Release|Any CPU.Build.0 = Release|Any CPU
	EndGlobalSection
	GlobalSection(SolutionProperties) = preSolution
		HideSolutionNode = FALSE
	EndGlobalSection
	GlobalSection(ExtensibilityGlobals) = postSolution
		SolutionGuid = {9829A721-434F-4480-A70B-9C12F563919F}
	EndGlobalSection
EndGlobal
